{
  "name": "exercise",
  "version": "1.0.0",
  "lockfileVersion": 2,
  "requires": true,
  "packages": {
    "": {
      "name": "exercise",
      "version": "1.0.0",
      "license": "ISC",
      "dependencies": {
        "caf": "^13.1.1",
        "get-stdin": "^9.0.0",
        "minimist": "^1.2.5"
      }
    },
    "node_modules/caf": {
      "version": "13.1.1",
      "resolved": "https://registry.npmjs.org/caf/-/caf-13.1.1.tgz",
      "integrity": "sha512-Xc9exUN5aEnEzjZX+njng7M5TLIJ0dq898cb5cjqOKn+bLGdEPIEXdtD4GWM8eiSO7/a9sIIGQS2AIzhvWD2Bw=="
    },
    "node_modules/get-stdin": {
      "version": "9.0.0",
      "resolved": "https://registry.npmjs.org/get-stdin/-/get-stdin-9.0.0.tgz",
      "integrity": "sha512-dVKBjfWisLAicarI2Sf+JuBE/DghV4UzNAVe9yhEJuzeREd3JhOTE9cUaJTeSa77fsbQUK3pcOpJfM59+VKZaA==",
      "engines": {
        "node": ">=12"
      },
      "funding": {
        "url": "https://github.com/sponsors/sindresorhus"
      }
    },
    "node_modules/minimist": {
      "version": "1.2.5",
      "resolved": "https://registry.npmjs.org/minimist/-/minimist-1.2.5.tgz",
      "integrity": "sha512-FM9nNUYrRBAELZQT3xeZQ7fmMOBg6nWNmJKTcgsJeaLstP/UODVpGsr5OhXhhXg6f+qtJ8uiZ+PUxkDWcgIXLw=="
    }
  },
  "dependencies": {
    "caf": {
      "version": "13.1.1",
      "resolved": "https://registry.npmjs.org/caf/-/caf-13.1.1.tgz",
      "integrity": "sha512-Xc9exUN5aEnEzjZX+njng7M5TLIJ0dq898cb5cjqOKn+bLGdEPIEXdtD4GWM8eiSO7/a9sIIGQS2AIzhvWD2Bw=="
    },
    "get-stdin": {
      "version": "9.0.0",
      "resolved": "https://registry.npmjs.org/get-stdin/-/get-stdin-9.0.0.tgz",
      "integrity": "sha512-dVKBjfWisLAicarI2Sf+JuBE/DghV4UzNAVe9yhEJuzeREd3JhOTE9cUaJTeSa77fsbQUK3pcOpJfM59+VKZaA=="
    },
    "minimist": {
      "version": "1.2.5",
      "resolved": "https://registry.npmjs.org/minimist/-/minimist-1.2.5.tgz",
      "integrity": "sha512-FM9nNUYrRBAELZQT3xeZQ7fmMOBg6nWNmJKTcgsJeaLstP/UODVpGsr5OhXhhXg6f+qtJ8uiZ+PUxkDWcgIXLw=="
    }
  }
}
